<?xml version="1.0" encoding="utf-8"?>
<Project ToolsVersion="4.0" xmlns="http://schemas.microsoft.com/developer/msbuild/2003">
  <ItemGroup>
    <Filter Include="Fichiers sources">
      <UniqueIdentifier>{4FC737F1-C7A5-4376-A066-2A32D752A2FF}</UniqueIdentifier>
      <Extensions>cpp;c;cc;cxx;def;odl;idl;hpj;bat;asm;asmx</Extensions>
    </Filter>
    <Filter Include="Fichiers d%27en-tête">
      <UniqueIdentifier>{93995380-89BD-4b04-88EB-625FBE52EBFB}</UniqueIdentifier>
      <Extensions>h;hh;hpp;hxx;hm;inl;inc;xsd</Extensions>
    </Filter>
    <Filter Include="Fichiers de ressources">
      <UniqueIdentifier>{67DA6AB6-F800-4c08-8B7A-83BB121AAD01}</UniqueIdentifier>
      <Extensions>rc;ico;cur;bmp;dlg;rc2;rct;bin;rgs;gif;jpg;jpeg;jpe;resx;tiff;tif;png;wav;mfcribbon-ms</Extensions>
    </Filter>
    <Filter Include="Fichiers d%27en-tête\Rooms">
      <UniqueIdentifier>{e7479e63-112c-48f4-935c-57d4391fd494}</UniqueIdentifier>
    </Filter>
    <Filter Include="Fichiers sources\Rooms">
      <UniqueIdentifier>{1dd4c847-0168-44e1-a3bc-150a467acd8c}</UniqueIdentifier>
    </Filter>
  </ItemGroup>
  <ItemGroup>
    <ClCompile Include="Source.cpp">
      <Filter>Fichiers sources</Filter>
    </ClCompile>
    <ClCompile Include="Link.cpp">
      <Filter>Fichiers sources</Filter>
    </ClCompile>
    <ClCompile Include="Tile.cpp">
      <Filter>Fichiers sources</Filter>
    </ClCompile>
    <ClCompile Include="TileManager.cpp">
      <Filter>Fichiers sources</Filter>
    </ClCompile>
    <ClCompile Include="HeartDrop.cpp">
      <Filter>Fichiers sources</Filter>
    </ClCompile>
    <ClCompile Include="Room01.cpp">
      <Filter>Fichiers sources\Rooms</Filter>
    </ClCompile>
    <ClCompile Include="Room02.cpp">
      <Filter>Fichiers sources\Rooms</Filter>
    </ClCompile>
    <ClCompile Include="ZeldaNES.cpp">
      <Filter>Fichiers sources</Filter>
    </ClCompile>
    <ClCompile Include="Level.cpp">
      <Filter>Fichiers sources</Filter>
    </ClCompile>
    <ClCompile Include="Room03.cpp">
      <Filter>Fichiers sources\Rooms</Filter>
    </ClCompile>
    <ClCompile Include="Room04.cpp">
      <Filter>Fichiers sources\Rooms</Filter>
    </ClCompile>
    <ClCompile Include="Room05.cpp">
      <Filter>Fichiers sources\Rooms</Filter>
    </ClCompile>
    <ClCompile Include="Room06.cpp">
      <Filter>Fichiers sources\Rooms</Filter>
    </ClCompile>
    <ClCompile Include="Room07.cpp">
      <Filter>Fichiers sources\Rooms</Filter>
    </ClCompile>
    <ClCompile Include="Room08.cpp">
      <Filter>Fichiers sources\Rooms</Filter>
    </ClCompile>
    <ClCompile Include="Room09.cpp">
      <Filter>Fichiers sources\Rooms</Filter>
    </ClCompile>
    <ClCompile Include="Room10.cpp">
      <Filter>Fichiers sources\Rooms</Filter>
    </ClCompile>
    <ClCompile Include="Room11.cpp">
      <Filter>Fichiers sources\Rooms</Filter>
    </ClCompile>
    <ClCompile Include="Room12.cpp">
      <Filter>Fichiers sources\Rooms</Filter>
    </ClCompile>
    <ClCompile Include="Room13.cpp">
      <Filter>Fichiers sources\Rooms</Filter>
    </ClCompile>
    <ClCompile Include="Room14.cpp">
      <Filter>Fichiers sources\Rooms</Filter>
    </ClCompile>
    <ClCompile Include="RoomShop.cpp">
      <Filter>Fichiers sources\Rooms</Filter>
    </ClCompile>
    <ClCompile Include="RoomUnderground.cpp">
      <Filter>Fichiers sources\Rooms</Filter>
    </ClCompile>
    <ClCompile Include="RoomBoss.cpp">
      <Filter>Fichiers sources\Rooms</Filter>
    </ClCompile>
    <ClCompile Include="RoomTriforce.cpp">
      <Filter>Fichiers sources\Rooms</Filter>
    </ClCompile>
    <ClCompile Include="Boomerang.cpp">
      <Filter>Fichiers sources</Filter>
    </ClCompile>
    <ClCompile Include="Skeleton.cpp">
      <Filter>Fichiers sources</Filter>
    </ClCompile>
    <ClCompile Include="Camera.cpp">
      <Filter>Fichiers sources</Filter>
    </ClCompile>
    <ClCompile Include="Slime.cpp">
      <Filter>Fichiers sources</Filter>
    </ClCompile>
    <ClCompile Include="Bomb.cpp">
      <Filter>Fichiers sources</Filter>
    </ClCompile>
    <ClCompile Include="Hud.cpp">
      <Filter>Fichiers sources</Filter>
    </ClCompile>
    <ClCompile Include="MoblinRed.cpp">
      <Filter>Fichiers sources</Filter>
    </ClCompile>
    <ClCompile Include="MoblinBlue.cpp">
      <Filter>Fichiers sources</Filter>
    </ClCompile>
    <ClCompile Include="Bats.cpp">
      <Filter>Fichiers sources</Filter>
    </ClCompile>
    <ClCompile Include="TitleScreen.cpp">
      <Filter>Fichiers sources</Filter>
    </ClCompile>
    <ClCompile Include="Enemy.cpp">
      <Filter>Fichiers sources</Filter>
    </ClCompile>
    <ClCompile Include="Entity.cpp">
      <Filter>Fichiers sources</Filter>
    </ClCompile>
    <ClCompile Include="Object.cpp">
      <Filter>Fichiers sources</Filter>
    </ClCompile>
  </ItemGroup>
  <ItemGroup>
    <ClInclude Include="Libraries.h">
      <Filter>Fichiers d%27en-tête</Filter>
    </ClInclude>
    <ClInclude Include="RessourceID.h">
      <Filter>Fichiers d%27en-tête</Filter>
    </ClInclude>
    <ClInclude Include="Link.h">
      <Filter>Fichiers d%27en-tête</Filter>
    </ClInclude>
    <ClInclude Include="Tile.h">
      <Filter>Fichiers d%27en-tête</Filter>
    </ClInclude>
    <ClInclude Include="TileManager.h">
      <Filter>Fichiers d%27en-tête</Filter>
    </ClInclude>
    <ClInclude Include="HeartDrop.h">
      <Filter>Fichiers d%27en-tête</Filter>
    </ClInclude>
    <ClInclude Include="Room01.h">
      <Filter>Fichiers d%27en-tête\Rooms</Filter>
    </ClInclude>
    <ClInclude Include="Room02.h">
      <Filter>Fichiers d%27en-tête\Rooms</Filter>
    </ClInclude>
    <ClInclude Include="ZeldaNES.h">
      <Filter>Fichiers d%27en-tête</Filter>
    </ClInclude>
    <ClInclude Include="Level.h">
      <Filter>Fichiers d%27en-tête</Filter>
    </ClInclude>
    <ClInclude Include="Room03.h">
      <Filter>Fichiers d%27en-tête\Rooms</Filter>
    </ClInclude>
    <ClInclude Include="Room04.h">
      <Filter>Fichiers d%27en-tête\Rooms</Filter>
    </ClInclude>
    <ClInclude Include="Room05.h">
      <Filter>Fichiers d%27en-tête\Rooms</Filter>
    </ClInclude>
    <ClInclude Include="Room06.h">
      <Filter>Fichiers d%27en-tête\Rooms</Filter>
    </ClInclude>
    <ClInclude Include="Room07.h">
      <Filter>Fichiers d%27en-tête\Rooms</Filter>
    </ClInclude>
    <ClInclude Include="Room08.h">
      <Filter>Fichiers d%27en-tête\Rooms</Filter>
    </ClInclude>
    <ClInclude Include="Room09.h">
      <Filter>Fichiers d%27en-tête\Rooms</Filter>
    </ClInclude>
    <ClInclude Include="Room10.h">
      <Filter>Fichiers d%27en-tête\Rooms</Filter>
    </ClInclude>
    <ClInclude Include="Room11.h">
      <Filter>Fichiers d%27en-tête\Rooms</Filter>
    </ClInclude>
    <ClInclude Include="Room12.h">
      <Filter>Fichiers d%27en-tête\Rooms</Filter>
    </ClInclude>
    <ClInclude Include="Room13.h">
      <Filter>Fichiers d%27en-tête\Rooms</Filter>
    </ClInclude>
    <ClInclude Include="Room14.h">
      <Filter>Fichiers d%27en-tête\Rooms</Filter>
    </ClInclude>
    <ClInclude Include="RoomShop.h">
      <Filter>Fichiers d%27en-tête\Rooms</Filter>
    </ClInclude>
    <ClInclude Include="RoomUnderground.h">
      <Filter>Fichiers d%27en-tête\Rooms</Filter>
    </ClInclude>
    <ClInclude Include="RoomBoss.h">
      <Filter>Fichiers d%27en-tête\Rooms</Filter>
    </ClInclude>
    <ClInclude Include="RoomTriforce.h">
      <Filter>Fichiers d%27en-tête\Rooms</Filter>
    </ClInclude>
    <ClInclude Include="Boomerang.h">
      <Filter>Fichiers d%27en-tête</Filter>
    </ClInclude>
    <ClInclude Include="Skeleton.h">
      <Filter>Fichiers d%27en-tête</Filter>
    </ClInclude>
    <ClInclude Include="Camera.h">
      <Filter>Fichiers d%27en-tête</Filter>
    </ClInclude>
    <ClInclude Include="Slime.h">
      <Filter>Fichiers d%27en-tête</Filter>
    </ClInclude>
    <ClInclude Include="Bomb.h">
      <Filter>Fichiers d%27en-tête</Filter>
    </ClInclude>
    <ClInclude Include="Hud.h">
      <Filter>Fichiers d%27en-tête</Filter>
    </ClInclude>
    <ClInclude Include="MoblinRed.h">
      <Filter>Fichiers d%27en-tête</Filter>
    </ClInclude>
    <ClInclude Include="MoblinBlue.h">
      <Filter>Fichiers d%27en-tête</Filter>
    </ClInclude>
    <ClInclude Include="Bats.h">
      <Filter>Fichiers d%27en-tête</Filter>
    </ClInclude>
    <ClInclude Include="TitleScreen.h">
      <Filter>Fichiers d%27en-tête</Filter>
    </ClInclude>
    <ClInclude Include="Enemy.h">
      <Filter>Fichiers d%27en-tête</Filter>
    </ClInclude>
    <ClInclude Include="Entity.h">
      <Filter>Fichiers d%27en-tête</Filter>
    </ClInclude>
    <ClInclude Include="Object.h">
      <Filter>Fichiers d%27en-tête</Filter>
    </ClInclude>
  </ItemGroup>
  <ItemGroup>
    <None Include="Room01.map">
      <Filter>Fichiers de ressources</Filter>
    </None>
    <None Include="Room02.map">
      <Filter>Fichiers de ressources</Filter>
    </None>
  </ItemGroup>
</Project>